
Microsoft Visual Studio Solution File, Format Version 12.00
# Visual Studio 15
VisualStudioVersion = 15.0.28307.572
MinimumVisualStudioVersion = 10.0.40219.1
Project("{FAE04EC0-301F-11D3-BF4B-00C04F79EFBC}") = "WebApiAngularJs", "WebApiAngularJs\WebApiAngularJs.csproj", "{0D3FCFAC-1225-453F-BC8B-09C2117D2781}"
EndProject
Project("{FAE04EC0-301F-11D3-BF4B-00C04F79EFBC}") = "Client", "Client\Client.csproj", "{45155A7E-4133-41DC-B6C2-9984B406ADB4}"
EndProject
Global
	GlobalSection(SolutionConfigurationPlatforms) = preSolution
		Debug|Any CPU = Debug|Any CPU
		Release|Any CPU = Release|Any CPU
	EndGlobalSection
	GlobalSection(ProjectConfigurationPlatforms) = postSolution
		{0D3FCFAC-1225-453F-BC8B-09C2117D2781}.Debug|Any CPU.ActiveCfg = Debug|Any CPU
		{0D3FCFAC-1225-453F-BC8B-09C2117D2781}.Debug|Any CPU.Build.0 = Debug|Any CPU
		{0D3FCFAC-1225-453F-BC8B-09C2117D2781}.Release|Any CPU.ActiveCfg = Release|Any CPU
		{0D3FCFAC-1225-453F-BC8B-09C2117D2781}.Release|Any CPU.Build.0 = Release|Any CPU
		{45155A7E-4133-41DC-B6C2-9984B406ADB4}.Debug|Any CPU.ActiveCfg = Debug|Any CPU
		{45155A7E-4133-41DC-B6C2-9984B406ADB4}.Debug|Any CPU.Build.0 = Debug|Any CPU
		{45155A7E-4133-41DC-B6C2-9984B406ADB4}.Release|Any CPU.ActiveCfg = Release|Any CPU
		{45155A7E-4133-41DC-B6C2-9984B406ADB4}.Release|Any CPU.Build.0 = Release|Any CPU
	EndGlobalSection
	GlobalSection(SolutionProperties) = preSolution
		HideSolutionNode = FALSE
	EndGlobalSection
	GlobalSection(ExtensibilityGlobals) = postSolution
		SolutionGuid = {0BEE5FF5-1941-41A8-ADB5-EE4E7D93F2A8}
	EndGlobalSection
EndGlobal
